
Microsoft Visual Studio Solution File, Format Version 12.00
# Visual Studio Version 16
VisualStudioVersion = 16.0.30320.27
MinimumVisualStudioVersion = 10.0.40219.1
Project("{FAE04EC0-301F-11D3-BF4B-00C04F79EFBC}") = "MVC App", "MVC App\MVC App.csproj", "{96432BF9-BD00-4AD9-A42C-89EEE30390E4}"
EndProject
Project("{FAE04EC0-301F-11D3-BF4B-00C04F79EFBC}") = "MVC App.Tests", "MVC App.Tests\MVC App.Tests.csproj", "{6FAC0C37-A76C-4CD2-AA8E-3A3FC5F36C11}"
EndProject
Global
	GlobalSection(SolutionConfigurationPlatforms) = preSolution
		Debug|Any CPU = Debug|Any CPU
		Release|Any CPU = Release|Any CPU
	EndGlobalSection
	GlobalSection(ProjectConfigurationPlatforms) = postSolution
		{96432BF9-BD00-4AD9-A42C-89EEE30390E4}.Debug|Any CPU.ActiveCfg = Debug|Any CPU
		{96432BF9-BD00-4AD9-A42C-89EEE30390E4}.Debug|Any CPU.Build.0 = Debug|Any CPU
		{96432BF9-BD00-4AD9-A42C-89EEE30390E4}.Release|Any CPU.ActiveCfg = Release|Any CPU
		{96432BF9-BD00-4AD9-A42C-89EEE30390E4}.Release|Any CPU.Build.0 = Release|Any CPU
		{6FAC0C37-A76C-4CD2-AA8E-3A3FC5F36C11}.Debug|Any CPU.ActiveCfg = Debug|Any CPU
		{6FAC0C37-A76C-4CD2-AA8E-3A3FC5F36C11}.Debug|Any CPU.Build.0 = Debug|Any CPU
		{6FAC0C37-A76C-4CD2-AA8E-3A3FC5F36C11}.Release|Any CPU.ActiveCfg = Release|Any CPU
		{6FAC0C37-A76C-4CD2-AA8E-3A3FC5F36C11}.Release|Any CPU.Build.0 = Release|Any CPU
	EndGlobalSection
	GlobalSection(SolutionProperties) = preSolution
		HideSolutionNode = FALSE
	EndGlobalSection
	GlobalSection(ExtensibilityGlobals) = postSolution
		SolutionGuid = {6CF5BB44-38FC-443F-9DE2-A4FF7288F378}
	EndGlobalSection
EndGlobal
